
Microsoft Visual Studio Solution File, Format Version 12.00
# Visual Studio 15
VisualStudioVersion = 15.0.28307.168
MinimumVisualStudioVersion = 10.0.40219.1
Project("{FAE04EC0-301F-11D3-BF4B-00C04F79EFBC}") = "ITK10.4", "moya12itk\ITK10.4.csproj", "{1E71D1EB-72FA-4F31-A8C5-1B9FD9943F3D}"
EndProject
Global
	GlobalSection(SolutionConfigurationPlatforms) = preSolution
		Debug|Any CPU = Debug|Any CPU
		Release|Any CPU = Release|Any CPU
	EndGlobalSection
	GlobalSection(ProjectConfigurationPlatforms) = postSolution
		{1E71D1EB-72FA-4F31-A8C5-1B9FD9943F3D}.Debug|Any CPU.ActiveCfg = Debug|Any CPU
		{1E71D1EB-72FA-4F31-A8C5-1B9FD9943F3D}.Debug|Any CPU.Build.0 = Debug|Any CPU
		{1E71D1EB-72FA-4F31-A8C5-1B9FD9943F3D}.Release|Any CPU.ActiveCfg = Release|Any CPU
		{1E71D1EB-72FA-4F31-A8C5-1B9FD9943F3D}.Release|Any CPU.Build.0 = Release|Any CPU
	EndGlobalSection
	GlobalSection(SolutionProperties) = preSolution
		HideSolutionNode = FALSE
	EndGlobalSection
	GlobalSection(ExtensibilityGlobals) = postSolution
		SolutionGuid = {D3FDA082-05B5-4C32-8AE5-C15D67F03793}
	EndGlobalSection
EndGlobal
