
Microsoft Visual Studio Solution File, Format Version 12.00
# Visual Studio Version 16
VisualStudioVersion = 16.0.28803.202
MinimumVisualStudioVersion = 10.0.40219.1
Project("{FAE04EC0-301F-11D3-BF4B-00C04F79EFBC}") = "Testirovanie", "Testirovanie\Testirovanie.csproj", "{E218A426-8D0C-4FC5-A508-09FE362279E7}"
EndProject
Project("{FAE04EC0-301F-11D3-BF4B-00C04F79EFBC}") = "SumServiceTests", "SumServiceTests\SumServiceTests.csproj", "{240AFD05-3AF2-468F-87E2-63E777FFD22C}"
EndProject
Global
	GlobalSection(SolutionConfigurationPlatforms) = preSolution
		Debug|Any CPU = Debug|Any CPU
		Release|Any CPU = Release|Any CPU
	EndGlobalSection
	GlobalSection(ProjectConfigurationPlatforms) = postSolution
		{E218A426-8D0C-4FC5-A508-09FE362279E7}.Debug|Any CPU.ActiveCfg = Debug|Any CPU
		{E218A426-8D0C-4FC5-A508-09FE362279E7}.Debug|Any CPU.Build.0 = Debug|Any CPU
		{E218A426-8D0C-4FC5-A508-09FE362279E7}.Release|Any CPU.ActiveCfg = Release|Any CPU
		{E218A426-8D0C-4FC5-A508-09FE362279E7}.Release|Any CPU.Build.0 = Release|Any CPU
		{240AFD05-3AF2-468F-87E2-63E777FFD22C}.Debug|Any CPU.ActiveCfg = Debug|Any CPU
		{240AFD05-3AF2-468F-87E2-63E777FFD22C}.Debug|Any CPU.Build.0 = Debug|Any CPU
		{240AFD05-3AF2-468F-87E2-63E777FFD22C}.Release|Any CPU.ActiveCfg = Release|Any CPU
		{240AFD05-3AF2-468F-87E2-63E777FFD22C}.Release|Any CPU.Build.0 = Release|Any CPU
	EndGlobalSection
	GlobalSection(SolutionProperties) = preSolution
		HideSolutionNode = FALSE
	EndGlobalSection
	GlobalSection(ExtensibilityGlobals) = postSolution
		SolutionGuid = {0E7411B2-DBA4-4BA7-8380-6C96EC17F370}
	EndGlobalSection
EndGlobal
