
Microsoft Visual Studio Solution File, Format Version 12.00
# Visual Studio Version 16
VisualStudioVersion = 16.0.28803.202
MinimumVisualStudioVersion = 10.0.40219.1
Project("{FAE04EC0-301F-11D3-BF4B-00C04F79EFBC}") = "Matmod", "ConsoleApp3\Matmod.csproj", "{57DCB3CA-4E7D-4820-AB98-A4FC12466653}"
EndProject
Global
	GlobalSection(SolutionConfigurationPlatforms) = preSolution
		Debug|Any CPU = Debug|Any CPU
		Release|Any CPU = Release|Any CPU
	EndGlobalSection
	GlobalSection(ProjectConfigurationPlatforms) = postSolution
		{57DCB3CA-4E7D-4820-AB98-A4FC12466653}.Debug|Any CPU.ActiveCfg = Debug|Any CPU
		{57DCB3CA-4E7D-4820-AB98-A4FC12466653}.Debug|Any CPU.Build.0 = Debug|Any CPU
		{57DCB3CA-4E7D-4820-AB98-A4FC12466653}.Release|Any CPU.ActiveCfg = Release|Any CPU
		{57DCB3CA-4E7D-4820-AB98-A4FC12466653}.Release|Any CPU.Build.0 = Release|Any CPU
	EndGlobalSection
	GlobalSection(SolutionProperties) = preSolution
		HideSolutionNode = FALSE
	EndGlobalSection
	GlobalSection(ExtensibilityGlobals) = postSolution
		SolutionGuid = {F9658C6E-3B2D-4246-BCB8-EDFEA4243635}
	EndGlobalSection
EndGlobal
