
Microsoft Visual Studio Solution File, Format Version 12.00
# Visual Studio 15
VisualStudioVersion = 15.0.28307.168
MinimumVisualStudioVersion = 10.0.40219.1
Project("{D954291E-2A0B-460D-934E-DC6B0785DB48}") = "SharedProject2", "SharedProject2\SharedProject2.shproj", "{31726DA2-49B2-4873-B23B-D24A98244F49}"
EndProject
Global
	GlobalSection(SharedMSBuildProjectFiles) = preSolution
		SharedProject2\SharedProject2.projitems*{31726da2-49b2-4873-b23b-d24a98244f49}*SharedItemsImports = 13
	EndGlobalSection
	GlobalSection(SolutionProperties) = preSolution
		HideSolutionNode = FALSE
	EndGlobalSection
	GlobalSection(ExtensibilityGlobals) = postSolution
		SolutionGuid = {97DF9828-63C9-48F4-A014-68E13C5A054E}
	EndGlobalSection
EndGlobal
