
Microsoft Visual Studio Solution File, Format Version 12.00
# Visual Studio 15
VisualStudioVersion = 15.0.28307.168
MinimumVisualStudioVersion = 10.0.40219.1
Project("{FAE04EC0-301F-11D3-BF4B-00C04F79EFBC}") = "ConsoleApp1", "ConsoleApp1\ConsoleApp1.csproj", "{D907BEF0-88B4-458B-B26D-AB85039544DD}"
EndProject
Global
	GlobalSection(SolutionConfigurationPlatforms) = preSolution
		Debug|Any CPU = Debug|Any CPU
		Release|Any CPU = Release|Any CPU
	EndGlobalSection
	GlobalSection(ProjectConfigurationPlatforms) = postSolution
		{D907BEF0-88B4-458B-B26D-AB85039544DD}.Debug|Any CPU.ActiveCfg = Debug|Any CPU
		{D907BEF0-88B4-458B-B26D-AB85039544DD}.Debug|Any CPU.Build.0 = Debug|Any CPU
		{D907BEF0-88B4-458B-B26D-AB85039544DD}.Release|Any CPU.ActiveCfg = Release|Any CPU
		{D907BEF0-88B4-458B-B26D-AB85039544DD}.Release|Any CPU.Build.0 = Release|Any CPU
	EndGlobalSection
	GlobalSection(SolutionProperties) = preSolution
		HideSolutionNode = FALSE
	EndGlobalSection
	GlobalSection(ExtensibilityGlobals) = postSolution
		SolutionGuid = {CBE5BF6C-0668-4B3B-B415-53E4159D92DC}
	EndGlobalSection
EndGlobal
