
Microsoft Visual Studio Solution File, Format Version 12.00
# Visual Studio Version 16
VisualStudioVersion = 16.0.28803.202
MinimumVisualStudioVersion = 10.0.40219.1
Project("{FAE04EC0-301F-11D3-BF4B-00C04F79EFBC}") = "TRPOxBD", "TRPOxBD\TRPOxBD.csproj", "{1CB1284C-D4C5-48D1-8528-14E1EA14060F}"
EndProject
Global
	GlobalSection(SolutionConfigurationPlatforms) = preSolution
		Debug|Any CPU = Debug|Any CPU
		Release|Any CPU = Release|Any CPU
	EndGlobalSection
	GlobalSection(ProjectConfigurationPlatforms) = postSolution
		{1CB1284C-D4C5-48D1-8528-14E1EA14060F}.Debug|Any CPU.ActiveCfg = Debug|Any CPU
		{1CB1284C-D4C5-48D1-8528-14E1EA14060F}.Debug|Any CPU.Build.0 = Debug|Any CPU
		{1CB1284C-D4C5-48D1-8528-14E1EA14060F}.Release|Any CPU.ActiveCfg = Release|Any CPU
		{1CB1284C-D4C5-48D1-8528-14E1EA14060F}.Release|Any CPU.Build.0 = Release|Any CPU
	EndGlobalSection
	GlobalSection(SolutionProperties) = preSolution
		HideSolutionNode = FALSE
	EndGlobalSection
	GlobalSection(ExtensibilityGlobals) = postSolution
		SolutionGuid = {E86B5EE5-EB5E-4498-9BC0-3992FAE17740}
	EndGlobalSection
EndGlobal
